// !$*UTF8*$!
{
	archiveVersion = 1;
	classes = {
	};
	objectVersion = 50;
	objects = {

/* Begin PBXBuildFile section */
		7409291925AEADE4003EF481 /* AppDelegate.swift in Sources */ = {isa = PBXBuildFile; fileRef = 7409291825AEADE4003EF481 /* AppDelegate.swift */; };
		7409291B25AEADE4003EF481 /* SceneDelegate.swift in Sources */ = {isa = PBXBuildFile; fileRef = 7409291A25AEADE4003EF481 /* SceneDelegate.swift */; };
		7409291D25AEADE4003EF481 /* HStack_View.swift in Sources */ = {isa = PBXBuildFile; fileRef = 7409291C25AEADE4003EF481 /* HStack_View.swift */; };
		7409291F25AEADE5003EF481 /* Assets.xcassets in Resources */ = {isa = PBXBuildFile; fileRef = 7409291E25AEADE5003EF481 /* Assets.xcassets */; };
		7409292225AEADE5003EF481 /* Preview Assets.xcassets in Resources */ = {isa = PBXBuildFile; fileRef = 7409292125AEADE5003EF481 /* Preview Assets.xcassets */; };
		7409292525AEADE5003EF481 /* LaunchScreen.storyboard in Resources */ = {isa = PBXBuildFile; fileRef = 7409292325AEADE5003EF481 /* LaunchScreen.storyboard */; };
		7409293325AEB165003EF481 /* VStack_View.swift in Sources */ = {isa = PBXBuildFile; fileRef = 7409293225AEB165003EF481 /* VStack_View.swift */; };
		7409293725AEB29A003EF481 /* ZStack_View.swift in Sources */ = {isa = PBXBuildFile; fileRef = 7409293625AEB29A003EF481 /* ZStack_View.swift */; };
/* End PBXBuildFile section */

/* Begin PBXFileReference section */
		7409291525AEADE4003EF481 /* Stack.app */ = {isa = PBXFileReference; explicitFileType = wrapper.application; includeInIndex = 0; path = Stack.app; sourceTree = BUILT_PRODUCTS_DIR; };
		7409291825AEADE4003EF481 /* AppDelegate.swift */ = {isa = PBXFileReference; lastKnownFileType = sourcecode.swift; path = AppDelegate.swift; sourceTree = "<group>"; };
		7409291A25AEADE4003EF481 /* SceneDelegate.swift */ = {isa = PBXFileReference; lastKnownFileType = sourcecode.swift; path = SceneDelegate.swift; sourceTree = "<group>"; };
		7409291C25AEADE4003EF481 /* HStack_View.swift */ = {isa = PBXFileReference; lastKnownFileType = sourcecode.swift; path = HStack_View.swift; sourceTree = "<group>"; };
		7409291E25AEADE5003EF481 /* Assets.xcassets */ = {isa = PBXFileReference; lastKnownFileType = folder.assetcatalog; path = Assets.xcassets; sourceTree = "<group>"; };
		7409292125AEADE5003EF481 /* Preview Assets.xcassets */ = {isa = PBXFileReference; lastKnownFileType = folder.assetcatalog; path = "Preview Assets.xcassets"; sourceTree = "<group>"; };
		7409292425AEADE5003EF481 /* Base */ = {isa = PBXFileReference; lastKnownFileType = file.storyboard; name = Base; path = Base.lproj/LaunchScreen.storyboard; sourceTree = "<group>"; };
		7409292625AEADE5003EF481 /* Info.plist */ = {isa = PBXFileReference; lastKnownFileType = text.plist.xml; path = Info.plist; sourceTree = "<group>"; };
		7409293225AEB165003EF481 /* VStack_View.swift */ = {isa = PBXFileReference; lastKnownFileType = sourcecode.swift; path = VStack_View.swift; sourceTree = "<group>"; };
		7409293625AEB29A003EF481 /* ZStack_View.swift */ = {isa = PBXFileReference; lastKnownFileType = sourcecode.swift; path = ZStack_View.swift; sourceTree = "<group>"; };
/* End PBXFileReference section */

/* Begin PBXFrameworksBuildPhase section */
		7409291225AEADE4003EF481 /* Frameworks */ = {
			isa = PBXFrameworksBuildPhase;
			buildActionMask = 2147483647;
			files = (
			);
			runOnlyForDeploymentPostprocessing = 0;
		};
/* End PBXFrameworksBuildPhase section */

/* Begin PBXGroup section */
		7409290C25AEADE4003EF481 = {
			isa = PBXGroup;
			children = (
				7409291725AEADE4003EF481 /* Stack */,
				7409291625AEADE4003EF481 /* Products */,
			);
			sourceTree = "<group>";
		};
		7409291625AEADE4003EF481 /* Products */ = {
			isa = PBXGroup;
			children = (
				7409291525AEADE4003EF481 /* Stack.app */,
			);
			name = Products;
			sourceTree = "<group>";
		};
		7409291725AEADE4003EF481 /* Stack */ = {
			isa = PBXGroup;
			children = (
				7409291825AEADE4003EF481 /* AppDelegate.swift */,
				7409291A25AEADE4003EF481 /* SceneDelegate.swift */,
				7409291C25AEADE4003EF481 /* HStack_View.swift */,
				7409293225AEB165003EF481 /* VStack_View.swift */,
				7409293625AEB29A003EF481 /* ZStack_View.swift */,
				7409291E25AEADE5003EF481 /* Assets.xcassets */,
				7409292325AEADE5003EF481 /* LaunchScreen.storyboard */,
				7409292625AEADE5003EF481 /* Info.plist */,
				7409292025AEADE5003EF481 /* Preview Content */,
			);
			path = Stack;
			sourceTree = "<group>";
		};
		7409292025AEADE5003EF481 /* Preview Content */ = {
			isa = PBXGroup;
			children = (
				7409292125AEADE5003EF481 /* Preview Assets.xcassets */,
			);
			path = "Preview Content";
			sourceTree = "<group>";
		};
/* End PBXGroup section */

/* Begin PBXNativeTarget section */
		7409291425AEADE4003EF481 /* Stack */ = {
			isa = PBXNativeTarget;
			buildConfigurationList = 7409292925AEADE5003EF481 /* Build configuration list for PBXNativeTarget "Stack" */;
			buildPhases = (
				7409291125AEADE4003EF481 /* Sources */,
				7409291225AEADE4003EF481 /* Frameworks */,
				7409291325AEADE4003EF481 /* Resources */,
			);
			buildRules = (
			);
			dependencies = (
			);
			name = Stack;
			productName = Stack;
			productReference = 7409291525AEADE4003EF481 /* Stack.app */;
			productType = "com.apple.product-type.application";
		};
/* End PBXNativeTarget section */

/* Begin PBXProject section */
		7409290D25AEADE4003EF481 /* Project object */ = {
			isa = PBXProject;
			attributes = {
				LastSwiftUpdateCheck = 1230;
				LastUpgradeCheck = 1230;
				TargetAttributes = {
					7409291425AEADE4003EF481 = {
						CreatedOnToolsVersion = 12.3;
					};
				};
			};
			buildConfigurationList = 7409291025AEADE4003EF481 /* Build configuration list for PBXProject "Stack" */;
			compatibilityVersion = "Xcode 9.3";
			developmentRegion = en;
			hasScannedForEncodings = 0;
			knownRegions = (
				en,
				Base,
			);
			mainGroup = 7409290C25AEADE4003EF481;
			productRefGroup = 7409291625AEADE4003EF481 /* Products */;
			projectDirPath = "";
			projectRoot = "";
			targets = (
				7409291425AEADE4003EF481 /* Stack */,
			);
		};
/* End PBXProject section */

/* Begin PBXResourcesBuildPhase section */
		7409291325AEADE4003EF481 /* Resources */ = {
			isa = PBXResourcesBuildPhase;
			buildActionMask = 2147483647;
			files = (
				7409292525AEADE5003EF481 /* LaunchScreen.storyboard in Resources */,
				7409292225AEADE5003EF481 /* Preview Assets.xcassets in Resources */,
				7409291F25AEADE5003EF481 /* Assets.xcassets in Resources */,
			);
			runOnlyForDeploymentPostprocessing = 0;
		};
/* End PBXResourcesBuildPhase section */

/* Begin PBXSourcesBuildPhase section */
		7409291125AEADE4003EF481 /* Sources */ = {
			isa = PBXSourcesBuildPhase;
			buildActionMask = 2147483647;
			files = (
				7409291925AEADE4003EF481 /* AppDelegate.swift in Sources */,
				7409291B25AEADE4003EF481 /* SceneDelegate.swift in Sources */,
				7409293725AEB29A003EF481 /* ZStack_View.swift in Sources */,
				7409293325AEB165003EF481 /* VStack_View.swift in Sources */,
				7409291D25AEADE4003EF481 /* HStack_View.swift in Sources */,
			);
			runOnlyForDeploymentPostprocessing = 0;
		};
/* End PBXSourcesBuildPhase section */

/* Begin PBXVariantGroup section */
		7409292325AEADE5003EF481 /* LaunchScreen.storyboard */ = {
			isa = PBXVariantGroup;
			children = (
				7409292425AEADE5003EF481 /* Base */,
			);
			name = LaunchScreen.storyboard;
			sourceTree = "<group>";
		};
/* End PBXVariantGroup section */

/* Begin XCBuildConfiguration section */
		7409292725AEADE5003EF481 /* Debug */ = {
			isa = XCBuildConfiguration;
			buildSettings = {
				ALWAYS_SEARCH_USER_PATHS = NO;
				CLANG_ANALYZER_NONNULL = YES;
				CLANG_ANALYZER_NUMBER_OBJECT_CONVERSION = YES_AGGRESSIVE;
				CLANG_CXX_LANGUAGE_STANDARD = "gnu++14";
				CLANG_CXX_LIBRARY = "libc++";
				CLANG_ENABLE_MODULES = YES;
				CLANG_ENABLE_OBJC_ARC = YES;
				CLANG_ENABLE_OBJC_WEAK = YES;
				CLANG_WARN_BLOCK_CAPTURE_AUTORELEASING = YES;
				CLANG_WARN_BOOL_CONVERSION = YES;
				CLANG_WARN_COMMA = YES;
				CLANG_WARN_CONSTANT_CONVERSION = YES;
				CLANG_WARN_DEPRECATED_OBJC_IMPLEMENTATIONS = YES;
				CLANG_WARN_DIRECT_OBJC_ISA_USAGE = YES_ERROR;
				CLANG_WARN_DOCUMENTATION_COMMENTS = YES;
				CLANG_WARN_EMPTY_BODY = YES;
				CLANG_WARN_ENUM_CONVERSION = YES;
				CLANG_WARN_INFINITE_RECURSION = YES;
				CLANG_WARN_INT_CONVERSION = YES;
				CLANG_WARN_NON_LITERAL_NULL_CONVERSION = YES;
				CLANG_WARN_OBJC_IMPLICIT_RETAIN_SELF = YES;
				CLANG_WARN_OBJC_LITERAL_CONVERSION = YES;
				CLANG_WARN_OBJC_ROOT_CLASS = YES_ERROR;
				CLANG_WARN_QUOTED_INCLUDE_IN_FRAMEWORK_HEADER = YES;
				CLANG_WARN_RANGE_LOOP_ANALYSIS = YES;
				CLANG_WARN_STRICT_PROTOTYPES = YES;
				CLANG_WARN_SUSPICIOUS_MOVE = YES;
				CLANG_WARN_UNGUARDED_AVAILABILITY = YES_AGGRESSIVE;
				CLANG_WARN_UNREACHABLE_CODE = YES;
				CLANG_WARN__DUPLICATE_METHOD_MATCH = YES;
				COPY_PHASE_STRIP = NO;
				DEBUG_INFORMATION_FORMAT = dwarf;
				ENABLE_STRICT_OBJC_MSGSEND = YES;
				ENABLE_TESTABILITY = YES;
				GCC_C_LANGUAGE_STANDARD = gnu11;
				GCC_DYNAMIC_NO_PIC = NO;
				GCC_NO_COMMON_BLOCKS = YES;
				GCC_OPTIMIZATION_LEVEL = 0;
				GCC_PREPROCESSOR_DEFINITIONS = (
					"DEBUG=1",
					"$(inherited)",
				);
				GCC_WARN_64_TO_32_BIT_CONVERSION = YES;
				GCC_WARN_ABOUT_RETURN_TYPE = YES_ERROR;
				GCC_WARN_UNDECLARED_SELECTOR = YES;
				GCC_WARN_UNINITIALIZED_AUTOS = YES_AGGRESSIVE;
				GCC_WARN_UNUSED_FUNCTION = YES;
				GCC_WARN_UNUSED_VARIABLE = YES;
				IPHONEOS_DEPLOYMENT_TARGET = 14.3;
				MTL_ENABLE_DEBUG_INFO = INCLUDE_SOURCE;
				MTL_FAST_MATH = YES;
				ONLY_ACTIVE_ARCH = YES;
				SDKROOT = iphoneos;
				SWIFT_ACTIVE_COMPILATION_CONDITIONS = DEBUG;
				SWIFT_OPTIMIZATION_LEVEL = "-Onone";
			};
			name = Debug;
		};
		7409292825AEADE5003EF481 /* Release */ = {
			isa = XCBuildConfiguration;
			buildSettings = {
				ALWAYS_SEARCH_USER_PATHS = NO;
				CLANG_ANALYZER_NONNULL = YES;
				CLANG_ANALYZER_NUMBER_OBJECT_CONVERSION = YES_AGGRESSIVE;
				CLANG_CXX_LANGUAGE_STANDARD = "gnu++14";
				CLANG_CXX_LIBRARY = "libc++";
				CLANG_ENABLE_MODULES = YES;
				CLANG_ENABLE_OBJC_ARC = YES;
				CLANG_ENABLE_OBJC_WEAK = YES;
				CLANG_WARN_BLOCK_CAPTURE_AUTORELEASING = YES;
				CLANG_WARN_BOOL_CONVERSION = YES;
				CLANG_WARN_COMMA = YES;
				CLANG_WARN_CONSTANT_CONVERSION = YES;
				CLANG_WARN_DEPRECATED_OBJC_IMPLEMENTATIONS = YES;
				CLANG_WARN_DIRECT_OBJC_ISA_USAGE = YES_ERROR;
				CLANG_WARN_DOCUMENTATION_COMMENTS = YES;
				CLANG_WARN_EMPTY_BODY = YES;
				CLANG_WARN_ENUM_CONVERSION = YES;
				CLANG_WARN_INFINITE_RECURSION = YES;
				CLANG_WARN_INT_CONVERSION = YES;
				CLANG_WARN_NON_LITERAL_NULL_CONVERSION = YES;
				CLANG_WARN_OBJC_IMPLICIT_RETAIN_SELF = YES;
				CLANG_WARN_OBJC_LITERAL_CONVERSION = YES;
				CLANG_WARN_OBJC_ROOT_CLASS = YES_ERROR;
				CLANG_WARN_QUOTED_INCLUDE_IN_FRAMEWORK_HEADER = YES;
				CLANG_WARN_RANGE_LOOP_ANALYSIS = YES;
				CLANG_WARN_STRICT_PROTOTYPES = YES;
				CLANG_WARN_SUSPICIOUS_MOVE = YES;
				CLANG_WARN_UNGUARDED_AVAILABILITY = YES_AGGRESSIVE;
				CLANG_WARN_UNREACHABLE_CODE = YES;
				CLANG_WARN__DUPLICATE_METHOD_MATCH = YES;
				COPY_PHASE_STRIP = NO;
				DEBUG_INFORMATION_FORMAT = "dwarf-with-dsym";
				ENABLE_NS_ASSERTIONS = NO;
				ENABLE_STRICT_OBJC_MSGSEND = YES;
				GCC_C_LANGUAGE_STANDARD = gnu11;
				GCC_NO_COMMON_BLOCKS = YES;
				GCC_WARN_64_TO_32_BIT_CONVERSION = YES;
				GCC_WARN_ABOUT_RETURN_TYPE = YES_ERROR;
				GCC_WARN_UNDECLARED_SELECTOR = YES;
				GCC_WARN_UNINITIALIZED_AUTOS = YES_AGGRESSIVE;
				GCC_WARN_UNUSED_FUNCTION = YES;
				GCC_WARN_UNUSED_VARIABLE = YES;
				IPHONEOS_DEPLOYMENT_TARGET = 14.3;
				MTL_ENABLE_DEBUG_INFO = NO;
				MTL_FAST_MATH = YES;
				SDKROOT = iphoneos;
				SWIFT_COMPILATION_MODE = wholemodule;
				SWIFT_OPTIMIZATION_LEVEL = "-O";
				VALIDATE_PRODUCT = YES;
			};
			name = Release;
		};
		7409292A25AEADE5003EF481 /* Debug */ = {
			isa = XCBuildConfiguration;
			buildSettings = {
				ASSETCATALOG_COMPILER_APPICON_NAME = AppIcon;
				ASSETCATALOG_COMPILER_GLOBAL_ACCENT_COLOR_NAME = AccentColor;
				CODE_SIGN_STYLE = Automatic;
				DEVELOPMENT_ASSET_PATHS = "\"Stack/Preview Content\"";
				DEVELOPMENT_TEAM = HSKSVJPZJD;
				ENABLE_PREVIEWS = YES;
				INFOPLIST_FILE = Stack/Info.plist;
				LD_RUNPATH_SEARCH_PATHS = (
					"$(inherited)",
					"@executable_path/Frameworks",
				);
				PRODUCT_BUNDLE_IDENTIFIER = com.jinsu.Stack;
				PRODUCT_NAME = "$(TARGET_NAME)";
				SWIFT_VERSION = 5.0;
				TARGETED_DEVICE_FAMILY = "1,2";
			};
			name = Debug;
		};
		7409292B25AEADE5003EF481 /* Release */ = {
			isa = XCBuildConfiguration;
			buildSettings = {
				ASSETCATALOG_COMPILER_APPICON_NAME = AppIcon;
				ASSETCATALOG_COMPILER_GLOBAL_ACCENT_COLOR_NAME = AccentColor;
				CODE_SIGN_STYLE = Automatic;
				DEVELOPMENT_ASSET_PATHS = "\"Stack/Preview Content\"";
				DEVELOPMENT_TEAM = HSKSVJPZJD;
				ENABLE_PREVIEWS = YES;
				INFOPLIST_FILE = Stack/Info.plist;
				LD_RUNPATH_SEARCH_PATHS = (
					"$(inherited)",
					"@executable_path/Frameworks",
				);
				PRODUCT_BUNDLE_IDENTIFIER = com.jinsu.Stack;
				PRODUCT_NAME = "$(TARGET_NAME)";
				SWIFT_VERSION = 5.0;
				TARGETED_DEVICE_FAMILY = "1,2";
			};
			name = Release;
		};
/* End XCBuildConfiguration section */

/* Begin XCConfigurationList section */
		7409291025AEADE4003EF481 /* Build configuration list for PBXProject "Stack" */ = {
			isa = XCConfigurationList;
			buildConfigurations = (
				7409292725AEADE5003EF481 /* Debug */,
				7409292825AEADE5003EF481 /* Release */,
			);
			defaultConfigurationIsVisible = 0;
			defaultConfigurationName = Release;
		};
		7409292925AEADE5003EF481 /* Build configuration list for PBXNativeTarget "Stack" */ = {
			isa = XCConfigurationList;
			buildConfigurations = (
				7409292A25AEADE5003EF481 /* Debug */,
				7409292B25AEADE5003EF481 /* Release */,
			);
			defaultConfigurationIsVisible = 0;
			defaultConfigurationName = Release;
		};
/* End XCConfigurationList section */
	};
	rootObject = 7409290D25AEADE4003EF481 /* Project object */;
}
