// !$*UTF8*$!
{
	archiveVersion = 1;
	classes = {
	};
	objectVersion = 50;
	objects = {

/* Begin PBXBuildFile section */
		74EF063425555FC600782296 /* AppDelegate.swift in Sources */ = {isa = PBXBuildFile; fileRef = 74EF063325555FC600782296 /* AppDelegate.swift */; };
		74EF063625555FC600782296 /* SceneDelegate.swift in Sources */ = {isa = PBXBuildFile; fileRef = 74EF063525555FC600782296 /* SceneDelegate.swift */; };
		74EF063825555FC600782296 /* MemoListScene.swift in Sources */ = {isa = PBXBuildFile; fileRef = 74EF063725555FC600782296 /* MemoListScene.swift */; };
		74EF063B25555FC600782296 /* SwiftUIMemo.xcdatamodeld in Sources */ = {isa = PBXBuildFile; fileRef = 74EF063925555FC600782296 /* SwiftUIMemo.xcdatamodeld */; };
		74EF063D25555FC700782296 /* Assets.xcassets in Resources */ = {isa = PBXBuildFile; fileRef = 74EF063C25555FC700782296 /* Assets.xcassets */; };
		74EF064025555FC700782296 /* Preview Assets.xcassets in Resources */ = {isa = PBXBuildFile; fileRef = 74EF063F25555FC700782296 /* Preview Assets.xcassets */; };
		74EF064325555FC700782296 /* LaunchScreen.storyboard in Resources */ = {isa = PBXBuildFile; fileRef = 74EF064125555FC700782296 /* LaunchScreen.storyboard */; };
		74EF064E2555768500782296 /* Memo.swift in Sources */ = {isa = PBXBuildFile; fileRef = 74EF064D2555768500782296 /* Memo.swift */; };
		74EF06522558FAB400782296 /* MemoStore.swift in Sources */ = {isa = PBXBuildFile; fileRef = 74EF06512558FAB400782296 /* MemoStore.swift */; };
		74EF0697255B9F0300782296 /* DateFormatterExtension.swift in Sources */ = {isa = PBXBuildFile; fileRef = 74EF0696255B9F0300782296 /* DateFormatterExtension.swift */; };
		74EF069D255BB50500782296 /* MemoCell.swift in Sources */ = {isa = PBXBuildFile; fileRef = 74EF069C255BB50500782296 /* MemoCell.swift */; };
		74EF06D7255CCF3800782296 /* ComposeScene.swift in Sources */ = {isa = PBXBuildFile; fileRef = 74EF06D6255CCF3800782296 /* ComposeScene.swift */; };
/* End PBXBuildFile section */

/* Begin PBXFileReference section */
		74EF063025555FC500782296 /* SwiftUIMemo.app */ = {isa = PBXFileReference; explicitFileType = wrapper.application; includeInIndex = 0; path = SwiftUIMemo.app; sourceTree = BUILT_PRODUCTS_DIR; };
		74EF063325555FC600782296 /* AppDelegate.swift */ = {isa = PBXFileReference; lastKnownFileType = sourcecode.swift; path = AppDelegate.swift; sourceTree = "<group>"; };
		74EF063525555FC600782296 /* SceneDelegate.swift */ = {isa = PBXFileReference; lastKnownFileType = sourcecode.swift; path = SceneDelegate.swift; sourceTree = "<group>"; };
		74EF063725555FC600782296 /* MemoListScene.swift */ = {isa = PBXFileReference; lastKnownFileType = sourcecode.swift; path = MemoListScene.swift; sourceTree = "<group>"; };
		74EF063A25555FC600782296 /* SwiftUIMemo.xcdatamodel */ = {isa = PBXFileReference; lastKnownFileType = wrapper.xcdatamodel; path = SwiftUIMemo.xcdatamodel; sourceTree = "<group>"; };
		74EF063C25555FC700782296 /* Assets.xcassets */ = {isa = PBXFileReference; lastKnownFileType = folder.assetcatalog; path = Assets.xcassets; sourceTree = "<group>"; };
		74EF063F25555FC700782296 /* Preview Assets.xcassets */ = {isa = PBXFileReference; lastKnownFileType = folder.assetcatalog; path = "Preview Assets.xcassets"; sourceTree = "<group>"; };
		74EF064225555FC700782296 /* Base */ = {isa = PBXFileReference; lastKnownFileType = file.storyboard; name = Base; path = Base.lproj/LaunchScreen.storyboard; sourceTree = "<group>"; };
		74EF064425555FC700782296 /* Info.plist */ = {isa = PBXFileReference; lastKnownFileType = text.plist.xml; path = Info.plist; sourceTree = "<group>"; };
		74EF064D2555768500782296 /* Memo.swift */ = {isa = PBXFileReference; lastKnownFileType = sourcecode.swift; path = Memo.swift; sourceTree = "<group>"; };
		74EF06512558FAB400782296 /* MemoStore.swift */ = {isa = PBXFileReference; lastKnownFileType = sourcecode.swift; path = MemoStore.swift; sourceTree = "<group>"; };
		74EF0696255B9F0300782296 /* DateFormatterExtension.swift */ = {isa = PBXFileReference; lastKnownFileType = sourcecode.swift; path = DateFormatterExtension.swift; sourceTree = "<group>"; };
		74EF069C255BB50500782296 /* MemoCell.swift */ = {isa = PBXFileReference; lastKnownFileType = sourcecode.swift; path = MemoCell.swift; sourceTree = "<group>"; };
		74EF06D6255CCF3800782296 /* ComposeScene.swift */ = {isa = PBXFileReference; lastKnownFileType = sourcecode.swift; path = ComposeScene.swift; sourceTree = "<group>"; };
/* End PBXFileReference section */

/* Begin PBXFrameworksBuildPhase section */
		74EF062D25555FC500782296 /* Frameworks */ = {
			isa = PBXFrameworksBuildPhase;
			buildActionMask = 2147483647;
			files = (
			);
			runOnlyForDeploymentPostprocessing = 0;
		};
/* End PBXFrameworksBuildPhase section */

/* Begin PBXGroup section */
		74EF062725555FC500782296 = {
			isa = PBXGroup;
			children = (
				74EF063225555FC500782296 /* SwiftUIMemo */,
				74EF063125555FC500782296 /* Products */,
			);
			sourceTree = "<group>";
		};
		74EF063125555FC500782296 /* Products */ = {
			isa = PBXGroup;
			children = (
				74EF063025555FC500782296 /* SwiftUIMemo.app */,
			);
			name = Products;
			sourceTree = "<group>";
		};
		74EF063225555FC500782296 /* SwiftUIMemo */ = {
			isa = PBXGroup;
			children = (
				74EF06D4255CCEF900782296 /* Scene */,
				74EF0695255B9EE200782296 /* Extension */,
				74EF064C2555766700782296 /* Model */,
				74EF063325555FC600782296 /* AppDelegate.swift */,
				74EF063525555FC600782296 /* SceneDelegate.swift */,
				74EF063C25555FC700782296 /* Assets.xcassets */,
				74EF064125555FC700782296 /* LaunchScreen.storyboard */,
				74EF064425555FC700782296 /* Info.plist */,
				74EF063925555FC600782296 /* SwiftUIMemo.xcdatamodeld */,
				74EF063E25555FC700782296 /* Preview Content */,
			);
			path = SwiftUIMemo;
			sourceTree = "<group>";
		};
		74EF063E25555FC700782296 /* Preview Content */ = {
			isa = PBXGroup;
			children = (
				74EF063F25555FC700782296 /* Preview Assets.xcassets */,
			);
			path = "Preview Content";
			sourceTree = "<group>";
		};
		74EF064C2555766700782296 /* Model */ = {
			isa = PBXGroup;
			children = (
				74EF064D2555768500782296 /* Memo.swift */,
				74EF06512558FAB400782296 /* MemoStore.swift */,
			);
			path = Model;
			sourceTree = "<group>";
		};
		74EF0695255B9EE200782296 /* Extension */ = {
			isa = PBXGroup;
			children = (
				74EF0696255B9F0300782296 /* DateFormatterExtension.swift */,
			);
			path = Extension;
			sourceTree = "<group>";
		};
		74EF069B255BB4E700782296 /* View */ = {
			isa = PBXGroup;
			children = (
				74EF069C255BB50500782296 /* MemoCell.swift */,
			);
			path = View;
			sourceTree = "<group>";
		};
		74EF06D4255CCEF900782296 /* Scene */ = {
			isa = PBXGroup;
			children = (
				74EF069B255BB4E700782296 /* View */,
				74EF063725555FC600782296 /* MemoListScene.swift */,
				74EF06D6255CCF3800782296 /* ComposeScene.swift */,
			);
			path = Scene;
			sourceTree = "<group>";
		};
/* End PBXGroup section */

/* Begin PBXNativeTarget section */
		74EF062F25555FC500782296 /* SwiftUIMemo */ = {
			isa = PBXNativeTarget;
			buildConfigurationList = 74EF064725555FC700782296 /* Build configuration list for PBXNativeTarget "SwiftUIMemo" */;
			buildPhases = (
				74EF062C25555FC500782296 /* Sources */,
				74EF062D25555FC500782296 /* Frameworks */,
				74EF062E25555FC500782296 /* Resources */,
			);
			buildRules = (
			);
			dependencies = (
			);
			name = SwiftUIMemo;
			productName = SwiftUIMemo;
			productReference = 74EF063025555FC500782296 /* SwiftUIMemo.app */;
			productType = "com.apple.product-type.application";
		};
/* End PBXNativeTarget section */

/* Begin PBXProject section */
		74EF062825555FC500782296 /* Project object */ = {
			isa = PBXProject;
			attributes = {
				LastSwiftUpdateCheck = 1200;
				LastUpgradeCheck = 1200;
				TargetAttributes = {
					74EF062F25555FC500782296 = {
						CreatedOnToolsVersion = 12.0.1;
					};
				};
			};
			buildConfigurationList = 74EF062B25555FC500782296 /* Build configuration list for PBXProject "SwiftUIMemo" */;
			compatibilityVersion = "Xcode 9.3";
			developmentRegion = en;
			hasScannedForEncodings = 0;
			knownRegions = (
				en,
				Base,
			);
			mainGroup = 74EF062725555FC500782296;
			productRefGroup = 74EF063125555FC500782296 /* Products */;
			projectDirPath = "";
			projectRoot = "";
			targets = (
				74EF062F25555FC500782296 /* SwiftUIMemo */,
			);
		};
/* End PBXProject section */

/* Begin PBXResourcesBuildPhase section */
		74EF062E25555FC500782296 /* Resources */ = {
			isa = PBXResourcesBuildPhase;
			buildActionMask = 2147483647;
			files = (
				74EF064325555FC700782296 /* LaunchScreen.storyboard in Resources */,
				74EF064025555FC700782296 /* Preview Assets.xcassets in Resources */,
				74EF063D25555FC700782296 /* Assets.xcassets in Resources */,
			);
			runOnlyForDeploymentPostprocessing = 0;
		};
/* End PBXResourcesBuildPhase section */

/* Begin PBXSourcesBuildPhase section */
		74EF062C25555FC500782296 /* Sources */ = {
			isa = PBXSourcesBuildPhase;
			buildActionMask = 2147483647;
			files = (
				74EF063425555FC600782296 /* AppDelegate.swift in Sources */,
				74EF0697255B9F0300782296 /* DateFormatterExtension.swift in Sources */,
				74EF06522558FAB400782296 /* MemoStore.swift in Sources */,
				74EF063B25555FC600782296 /* SwiftUIMemo.xcdatamodeld in Sources */,
				74EF063625555FC600782296 /* SceneDelegate.swift in Sources */,
				74EF063825555FC600782296 /* MemoListScene.swift in Sources */,
				74EF064E2555768500782296 /* Memo.swift in Sources */,
				74EF069D255BB50500782296 /* MemoCell.swift in Sources */,
				74EF06D7255CCF3800782296 /* ComposeScene.swift in Sources */,
			);
			runOnlyForDeploymentPostprocessing = 0;
		};
/* End PBXSourcesBuildPhase section */

/* Begin PBXVariantGroup section */
		74EF064125555FC700782296 /* LaunchScreen.storyboard */ = {
			isa = PBXVariantGroup;
			children = (
				74EF064225555FC700782296 /* Base */,
			);
			name = LaunchScreen.storyboard;
			sourceTree = "<group>";
		};
/* End PBXVariantGroup section */

/* Begin XCBuildConfiguration section */
		74EF064525555FC700782296 /* Debug */ = {
			isa = XCBuildConfiguration;
			buildSettings = {
				ALWAYS_SEARCH_USER_PATHS = NO;
				CLANG_ANALYZER_NONNULL = YES;
				CLANG_ANALYZER_NUMBER_OBJECT_CONVERSION = YES_AGGRESSIVE;
				CLANG_CXX_LANGUAGE_STANDARD = "gnu++14";
				CLANG_CXX_LIBRARY = "libc++";
				CLANG_ENABLE_MODULES = YES;
				CLANG_ENABLE_OBJC_ARC = YES;
				CLANG_ENABLE_OBJC_WEAK = YES;
				CLANG_WARN_BLOCK_CAPTURE_AUTORELEASING = YES;
				CLANG_WARN_BOOL_CONVERSION = YES;
				CLANG_WARN_COMMA = YES;
				CLANG_WARN_CONSTANT_CONVERSION = YES;
				CLANG_WARN_DEPRECATED_OBJC_IMPLEMENTATIONS = YES;
				CLANG_WARN_DIRECT_OBJC_ISA_USAGE = YES_ERROR;
				CLANG_WARN_DOCUMENTATION_COMMENTS = YES;
				CLANG_WARN_EMPTY_BODY = YES;
				CLANG_WARN_ENUM_CONVERSION = YES;
				CLANG_WARN_INFINITE_RECURSION = YES;
				CLANG_WARN_INT_CONVERSION = YES;
				CLANG_WARN_NON_LITERAL_NULL_CONVERSION = YES;
				CLANG_WARN_OBJC_IMPLICIT_RETAIN_SELF = YES;
				CLANG_WARN_OBJC_LITERAL_CONVERSION = YES;
				CLANG_WARN_OBJC_ROOT_CLASS = YES_ERROR;
				CLANG_WARN_QUOTED_INCLUDE_IN_FRAMEWORK_HEADER = YES;
				CLANG_WARN_RANGE_LOOP_ANALYSIS = YES;
				CLANG_WARN_STRICT_PROTOTYPES = YES;
				CLANG_WARN_SUSPICIOUS_MOVE = YES;
				CLANG_WARN_UNGUARDED_AVAILABILITY = YES_AGGRESSIVE;
				CLANG_WARN_UNREACHABLE_CODE = YES;
				CLANG_WARN__DUPLICATE_METHOD_MATCH = YES;
				COPY_PHASE_STRIP = NO;
				DEBUG_INFORMATION_FORMAT = dwarf;
				ENABLE_STRICT_OBJC_MSGSEND = YES;
				ENABLE_TESTABILITY = YES;
				GCC_C_LANGUAGE_STANDARD = gnu11;
				GCC_DYNAMIC_NO_PIC = NO;
				GCC_NO_COMMON_BLOCKS = YES;
				GCC_OPTIMIZATION_LEVEL = 0;
				GCC_PREPROCESSOR_DEFINITIONS = (
					"DEBUG=1",
					"$(inherited)",
				);
				GCC_WARN_64_TO_32_BIT_CONVERSION = YES;
				GCC_WARN_ABOUT_RETURN_TYPE = YES_ERROR;
				GCC_WARN_UNDECLARED_SELECTOR = YES;
				GCC_WARN_UNINITIALIZED_AUTOS = YES_AGGRESSIVE;
				GCC_WARN_UNUSED_FUNCTION = YES;
				GCC_WARN_UNUSED_VARIABLE = YES;
				IPHONEOS_DEPLOYMENT_TARGET = 14.0;
				MTL_ENABLE_DEBUG_INFO = INCLUDE_SOURCE;
				MTL_FAST_MATH = YES;
				ONLY_ACTIVE_ARCH = YES;
				SDKROOT = iphoneos;
				SWIFT_ACTIVE_COMPILATION_CONDITIONS = DEBUG;
				SWIFT_OPTIMIZATION_LEVEL = "-Onone";
			};
			name = Debug;
		};
		74EF064625555FC700782296 /* Release */ = {
			isa = XCBuildConfiguration;
			buildSettings = {
				ALWAYS_SEARCH_USER_PATHS = NO;
				CLANG_ANALYZER_NONNULL = YES;
				CLANG_ANALYZER_NUMBER_OBJECT_CONVERSION = YES_AGGRESSIVE;
				CLANG_CXX_LANGUAGE_STANDARD = "gnu++14";
				CLANG_CXX_LIBRARY = "libc++";
				CLANG_ENABLE_MODULES = YES;
				CLANG_ENABLE_OBJC_ARC = YES;
				CLANG_ENABLE_OBJC_WEAK = YES;
				CLANG_WARN_BLOCK_CAPTURE_AUTORELEASING = YES;
				CLANG_WARN_BOOL_CONVERSION = YES;
				CLANG_WARN_COMMA = YES;
				CLANG_WARN_CONSTANT_CONVERSION = YES;
				CLANG_WARN_DEPRECATED_OBJC_IMPLEMENTATIONS = YES;
				CLANG_WARN_DIRECT_OBJC_ISA_USAGE = YES_ERROR;
				CLANG_WARN_DOCUMENTATION_COMMENTS = YES;
				CLANG_WARN_EMPTY_BODY = YES;
				CLANG_WARN_ENUM_CONVERSION = YES;
				CLANG_WARN_INFINITE_RECURSION = YES;
				CLANG_WARN_INT_CONVERSION = YES;
				CLANG_WARN_NON_LITERAL_NULL_CONVERSION = YES;
				CLANG_WARN_OBJC_IMPLICIT_RETAIN_SELF = YES;
				CLANG_WARN_OBJC_LITERAL_CONVERSION = YES;
				CLANG_WARN_OBJC_ROOT_CLASS = YES_ERROR;
				CLANG_WARN_QUOTED_INCLUDE_IN_FRAMEWORK_HEADER = YES;
				CLANG_WARN_RANGE_LOOP_ANALYSIS = YES;
				CLANG_WARN_STRICT_PROTOTYPES = YES;
				CLANG_WARN_SUSPICIOUS_MOVE = YES;
				CLANG_WARN_UNGUARDED_AVAILABILITY = YES_AGGRESSIVE;
				CLANG_WARN_UNREACHABLE_CODE = YES;
				CLANG_WARN__DUPLICATE_METHOD_MATCH = YES;
				COPY_PHASE_STRIP = NO;
				DEBUG_INFORMATION_FORMAT = "dwarf-with-dsym";
				ENABLE_NS_ASSERTIONS = NO;
				ENABLE_STRICT_OBJC_MSGSEND = YES;
				GCC_C_LANGUAGE_STANDARD = gnu11;
				GCC_NO_COMMON_BLOCKS = YES;
				GCC_WARN_64_TO_32_BIT_CONVERSION = YES;
				GCC_WARN_ABOUT_RETURN_TYPE = YES_ERROR;
				GCC_WARN_UNDECLARED_SELECTOR = YES;
				GCC_WARN_UNINITIALIZED_AUTOS = YES_AGGRESSIVE;
				GCC_WARN_UNUSED_FUNCTION = YES;
				GCC_WARN_UNUSED_VARIABLE = YES;
				IPHONEOS_DEPLOYMENT_TARGET = 14.0;
				MTL_ENABLE_DEBUG_INFO = NO;
				MTL_FAST_MATH = YES;
				SDKROOT = iphoneos;
				SWIFT_COMPILATION_MODE = wholemodule;
				SWIFT_OPTIMIZATION_LEVEL = "-O";
				VALIDATE_PRODUCT = YES;
			};
			name = Release;
		};
		74EF064825555FC700782296 /* Debug */ = {
			isa = XCBuildConfiguration;
			buildSettings = {
				ASSETCATALOG_COMPILER_APPICON_NAME = AppIcon;
				ASSETCATALOG_COMPILER_GLOBAL_ACCENT_COLOR_NAME = AccentColor;
				CODE_SIGN_STYLE = Automatic;
				DEVELOPMENT_ASSET_PATHS = "\"SwiftUIMemo/Preview Content\"";
				DEVELOPMENT_TEAM = AL9L4NE9HL;
				ENABLE_PREVIEWS = YES;
				INFOPLIST_FILE = SwiftUIMemo/Info.plist;
				LD_RUNPATH_SEARCH_PATHS = (
					"$(inherited)",
					"@executable_path/Frameworks",
				);
				PRODUCT_BUNDLE_IDENTIFIER = kr.pv.SwiftUIMemo;
				PRODUCT_NAME = "$(TARGET_NAME)";
				SWIFT_VERSION = 5.0;
				TARGETED_DEVICE_FAMILY = "1,2";
			};
			name = Debug;
		};
		74EF064925555FC700782296 /* Release */ = {
			isa = XCBuildConfiguration;
			buildSettings = {
				ASSETCATALOG_COMPILER_APPICON_NAME = AppIcon;
				ASSETCATALOG_COMPILER_GLOBAL_ACCENT_COLOR_NAME = AccentColor;
				CODE_SIGN_STYLE = Automatic;
				DEVELOPMENT_ASSET_PATHS = "\"SwiftUIMemo/Preview Content\"";
				DEVELOPMENT_TEAM = AL9L4NE9HL;
				ENABLE_PREVIEWS = YES;
				INFOPLIST_FILE = SwiftUIMemo/Info.plist;
				LD_RUNPATH_SEARCH_PATHS = (
					"$(inherited)",
					"@executable_path/Frameworks",
				);
				PRODUCT_BUNDLE_IDENTIFIER = kr.pv.SwiftUIMemo;
				PRODUCT_NAME = "$(TARGET_NAME)";
				SWIFT_VERSION = 5.0;
				TARGETED_DEVICE_FAMILY = "1,2";
			};
			name = Release;
		};
/* End XCBuildConfiguration section */

/* Begin XCConfigurationList section */
		74EF062B25555FC500782296 /* Build configuration list for PBXProject "SwiftUIMemo" */ = {
			isa = XCConfigurationList;
			buildConfigurations = (
				74EF064525555FC700782296 /* Debug */,
				74EF064625555FC700782296 /* Release */,
			);
			defaultConfigurationIsVisible = 0;
			defaultConfigurationName = Release;
		};
		74EF064725555FC700782296 /* Build configuration list for PBXNativeTarget "SwiftUIMemo" */ = {
			isa = XCConfigurationList;
			buildConfigurations = (
				74EF064825555FC700782296 /* Debug */,
				74EF064925555FC700782296 /* Release */,
			);
			defaultConfigurationIsVisible = 0;
			defaultConfigurationName = Release;
		};
/* End XCConfigurationList section */

/* Begin XCVersionGroup section */
		74EF063925555FC600782296 /* SwiftUIMemo.xcdatamodeld */ = {
			isa = XCVersionGroup;
			children = (
				74EF063A25555FC600782296 /* SwiftUIMemo.xcdatamodel */,
			);
			currentVersion = 74EF063A25555FC600782296 /* SwiftUIMemo.xcdatamodel */;
			path = SwiftUIMemo.xcdatamodeld;
			sourceTree = "<group>";
			versionGroupType = wrapper.xcdatamodel;
		};
/* End XCVersionGroup section */
	};
	rootObject = 74EF062825555FC500782296 /* Project object */;
}
