// !$*UTF8*$!
{
	archiveVersion = 1;
	classes = {
	};
	objectVersion = 50;
	objects = {

/* Begin PBXBuildFile section */
		742A20EB25DE28A500A18610 /* ActionSheetView.swift in Sources */ = {isa = PBXBuildFile; fileRef = 742A20EA25DE28A500A18610 /* ActionSheetView.swift */; };
		742A20F025DF4A5600A18610 /* GroupView.swift in Sources */ = {isa = PBXBuildFile; fileRef = 742A20EF25DF4A5600A18610 /* GroupView.swift */; };
		742A20F925DF889000A18610 /* FormView.swift in Sources */ = {isa = PBXBuildFile; fileRef = 742A20F825DF889000A18610 /* FormView.swift */; };
		74977BAC25B935A4005B76A1 /* AppDelegate.swift in Sources */ = {isa = PBXBuildFile; fileRef = 74977BAB25B935A4005B76A1 /* AppDelegate.swift */; };
		74977BAE25B935A4005B76A1 /* SceneDelegate.swift in Sources */ = {isa = PBXBuildFile; fileRef = 74977BAD25B935A4005B76A1 /* SceneDelegate.swift */; };
		74977BB025B935A4005B76A1 /* ContentView.swift in Sources */ = {isa = PBXBuildFile; fileRef = 74977BAF25B935A4005B76A1 /* ContentView.swift */; };
		74977BB225B935A5005B76A1 /* Assets.xcassets in Resources */ = {isa = PBXBuildFile; fileRef = 74977BB125B935A5005B76A1 /* Assets.xcassets */; };
		74977BB525B935A5005B76A1 /* Preview Assets.xcassets in Resources */ = {isa = PBXBuildFile; fileRef = 74977BB425B935A5005B76A1 /* Preview Assets.xcassets */; };
		74977BB825B935A5005B76A1 /* LaunchScreen.storyboard in Resources */ = {isa = PBXBuildFile; fileRef = 74977BB625B935A5005B76A1 /* LaunchScreen.storyboard */; };
		74977BC225B93609005B76A1 /* SpacerView.swift in Sources */ = {isa = PBXBuildFile; fileRef = 74977BC125B93609005B76A1 /* SpacerView.swift */; };
		74977C0725BFB042005B76A1 /* ButtonView.swift in Sources */ = {isa = PBXBuildFile; fileRef = 74977C0625BFB042005B76A1 /* ButtonView.swift */; };
		74977C0C25BFDD79005B76A1 /* ToggleView.swift in Sources */ = {isa = PBXBuildFile; fileRef = 74977C0B25BFDD79005B76A1 /* ToggleView.swift */; };
		74F0C47625C297C1008DA029 /* DatePickerView.swift in Sources */ = {isa = PBXBuildFile; fileRef = 74F0C47525C297C1008DA029 /* DatePickerView.swift */; };
		74F0C47A25C2991F008DA029 /* DatePickerStyleView.swift in Sources */ = {isa = PBXBuildFile; fileRef = 74F0C47925C2991F008DA029 /* DatePickerStyleView.swift */; };
		74F0C47E25C2A0C6008DA029 /* StepperView.swift in Sources */ = {isa = PBXBuildFile; fileRef = 74F0C47D25C2A0C6008DA029 /* StepperView.swift */; };
		74F0C4A225C80B1D008DA029 /* SliderView.swift in Sources */ = {isa = PBXBuildFile; fileRef = 74F0C4A125C80B1D008DA029 /* SliderView.swift */; };
		74F0C4A725C80F6D008DA029 /* AlertView.swift in Sources */ = {isa = PBXBuildFile; fileRef = 74F0C4A625C80F6D008DA029 /* AlertView.swift */; };
/* End PBXBuildFile section */

/* Begin PBXFileReference section */
		742A20EA25DE28A500A18610 /* ActionSheetView.swift */ = {isa = PBXFileReference; lastKnownFileType = sourcecode.swift; path = ActionSheetView.swift; sourceTree = "<group>"; };
		742A20EF25DF4A5600A18610 /* GroupView.swift */ = {isa = PBXFileReference; lastKnownFileType = sourcecode.swift; path = GroupView.swift; sourceTree = "<group>"; };
		742A20F825DF889000A18610 /* FormView.swift */ = {isa = PBXFileReference; lastKnownFileType = sourcecode.swift; path = FormView.swift; sourceTree = "<group>"; };
		74977BA825B935A4005B76A1 /* SystemViews.app */ = {isa = PBXFileReference; explicitFileType = wrapper.application; includeInIndex = 0; path = SystemViews.app; sourceTree = BUILT_PRODUCTS_DIR; };
		74977BAB25B935A4005B76A1 /* AppDelegate.swift */ = {isa = PBXFileReference; lastKnownFileType = sourcecode.swift; path = AppDelegate.swift; sourceTree = "<group>"; };
		74977BAD25B935A4005B76A1 /* SceneDelegate.swift */ = {isa = PBXFileReference; lastKnownFileType = sourcecode.swift; path = SceneDelegate.swift; sourceTree = "<group>"; };
		74977BAF25B935A4005B76A1 /* ContentView.swift */ = {isa = PBXFileReference; lastKnownFileType = sourcecode.swift; path = ContentView.swift; sourceTree = "<group>"; };
		74977BB125B935A5005B76A1 /* Assets.xcassets */ = {isa = PBXFileReference; lastKnownFileType = folder.assetcatalog; path = Assets.xcassets; sourceTree = "<group>"; };
		74977BB425B935A5005B76A1 /* Preview Assets.xcassets */ = {isa = PBXFileReference; lastKnownFileType = folder.assetcatalog; path = "Preview Assets.xcassets"; sourceTree = "<group>"; };
		74977BB725B935A5005B76A1 /* Base */ = {isa = PBXFileReference; lastKnownFileType = file.storyboard; name = Base; path = Base.lproj/LaunchScreen.storyboard; sourceTree = "<group>"; };
		74977BB925B935A5005B76A1 /* Info.plist */ = {isa = PBXFileReference; lastKnownFileType = text.plist.xml; path = Info.plist; sourceTree = "<group>"; };
		74977BC125B93609005B76A1 /* SpacerView.swift */ = {isa = PBXFileReference; lastKnownFileType = sourcecode.swift; path = SpacerView.swift; sourceTree = "<group>"; };
		74977C0625BFB042005B76A1 /* ButtonView.swift */ = {isa = PBXFileReference; lastKnownFileType = sourcecode.swift; path = ButtonView.swift; sourceTree = "<group>"; };
		74977C0B25BFDD79005B76A1 /* ToggleView.swift */ = {isa = PBXFileReference; lastKnownFileType = sourcecode.swift; path = ToggleView.swift; sourceTree = "<group>"; };
		74F0C47525C297C1008DA029 /* DatePickerView.swift */ = {isa = PBXFileReference; lastKnownFileType = sourcecode.swift; path = DatePickerView.swift; sourceTree = "<group>"; };
		74F0C47925C2991F008DA029 /* DatePickerStyleView.swift */ = {isa = PBXFileReference; lastKnownFileType = sourcecode.swift; path = DatePickerStyleView.swift; sourceTree = "<group>"; };
		74F0C47D25C2A0C6008DA029 /* StepperView.swift */ = {isa = PBXFileReference; lastKnownFileType = sourcecode.swift; path = StepperView.swift; sourceTree = "<group>"; };
		74F0C4A125C80B1D008DA029 /* SliderView.swift */ = {isa = PBXFileReference; lastKnownFileType = sourcecode.swift; path = SliderView.swift; sourceTree = "<group>"; };
		74F0C4A625C80F6D008DA029 /* AlertView.swift */ = {isa = PBXFileReference; lastKnownFileType = sourcecode.swift; path = AlertView.swift; sourceTree = "<group>"; };
/* End PBXFileReference section */

/* Begin PBXFrameworksBuildPhase section */
		74977BA525B935A4005B76A1 /* Frameworks */ = {
			isa = PBXFrameworksBuildPhase;
			buildActionMask = 2147483647;
			files = (
			);
			runOnlyForDeploymentPostprocessing = 0;
		};
/* End PBXFrameworksBuildPhase section */

/* Begin PBXGroup section */
		742A20E925DE289200A18610 /* ActionSheet */ = {
			isa = PBXGroup;
			children = (
				742A20EA25DE28A500A18610 /* ActionSheetView.swift */,
			);
			path = ActionSheet;
			sourceTree = "<group>";
		};
		742A20EE25DF4A4A00A18610 /* Group */ = {
			isa = PBXGroup;
			children = (
				742A20EF25DF4A5600A18610 /* GroupView.swift */,
			);
			path = Group;
			sourceTree = "<group>";
		};
		742A20F225DF887C00A18610 /* Form */ = {
			isa = PBXGroup;
			children = (
				742A20F825DF889000A18610 /* FormView.swift */,
			);
			path = Form;
			sourceTree = "<group>";
		};
		74977B9F25B935A4005B76A1 = {
			isa = PBXGroup;
			children = (
				74977BAA25B935A4005B76A1 /* SystemViews */,
				74977BA925B935A4005B76A1 /* Products */,
			);
			sourceTree = "<group>";
		};
		74977BA925B935A4005B76A1 /* Products */ = {
			isa = PBXGroup;
			children = (
				74977BA825B935A4005B76A1 /* SystemViews.app */,
			);
			name = Products;
			sourceTree = "<group>";
		};
		74977BAA25B935A4005B76A1 /* SystemViews */ = {
			isa = PBXGroup;
			children = (
				742A20F225DF887C00A18610 /* Form */,
				742A20EE25DF4A4A00A18610 /* Group */,
				742A20E925DE289200A18610 /* ActionSheet */,
				74F0C4A525C80F63008DA029 /* Alert */,
				74F0C4A025C80B07008DA029 /* Slider */,
				74F0C47C25C2A0BD008DA029 /* Stepper */,
				74F0C47425C297B2008DA029 /* DatePicker */,
				74977C0A25BFDD6C005B76A1 /* Toggle */,
				74977C0525BFB001005B76A1 /* Button */,
				74977BC025B935A9005B76A1 /* Spacer */,
				74977BAB25B935A4005B76A1 /* AppDelegate.swift */,
				74977BAD25B935A4005B76A1 /* SceneDelegate.swift */,
				74977BAF25B935A4005B76A1 /* ContentView.swift */,
				74977BB125B935A5005B76A1 /* Assets.xcassets */,
				74977BB625B935A5005B76A1 /* LaunchScreen.storyboard */,
				74977BB925B935A5005B76A1 /* Info.plist */,
				74977BB325B935A5005B76A1 /* Preview Content */,
			);
			path = SystemViews;
			sourceTree = "<group>";
		};
		74977BB325B935A5005B76A1 /* Preview Content */ = {
			isa = PBXGroup;
			children = (
				74977BB425B935A5005B76A1 /* Preview Assets.xcassets */,
			);
			path = "Preview Content";
			sourceTree = "<group>";
		};
		74977BC025B935A9005B76A1 /* Spacer */ = {
			isa = PBXGroup;
			children = (
				74977BC125B93609005B76A1 /* SpacerView.swift */,
			);
			path = Spacer;
			sourceTree = "<group>";
		};
		74977C0525BFB001005B76A1 /* Button */ = {
			isa = PBXGroup;
			children = (
				74977C0625BFB042005B76A1 /* ButtonView.swift */,
			);
			path = Button;
			sourceTree = "<group>";
		};
		74977C0A25BFDD6C005B76A1 /* Toggle */ = {
			isa = PBXGroup;
			children = (
				74977C0B25BFDD79005B76A1 /* ToggleView.swift */,
			);
			path = Toggle;
			sourceTree = "<group>";
		};
		74F0C47425C297B2008DA029 /* DatePicker */ = {
			isa = PBXGroup;
			children = (
				74F0C47525C297C1008DA029 /* DatePickerView.swift */,
				74F0C47925C2991F008DA029 /* DatePickerStyleView.swift */,
			);
			path = DatePicker;
			sourceTree = "<group>";
		};
		74F0C47C25C2A0BD008DA029 /* Stepper */ = {
			isa = PBXGroup;
			children = (
				74F0C47D25C2A0C6008DA029 /* StepperView.swift */,
			);
			path = Stepper;
			sourceTree = "<group>";
		};
		74F0C4A025C80B07008DA029 /* Slider */ = {
			isa = PBXGroup;
			children = (
				74F0C4A125C80B1D008DA029 /* SliderView.swift */,
			);
			path = Slider;
			sourceTree = "<group>";
		};
		74F0C4A525C80F63008DA029 /* Alert */ = {
			isa = PBXGroup;
			children = (
				74F0C4A625C80F6D008DA029 /* AlertView.swift */,
			);
			path = Alert;
			sourceTree = "<group>";
		};
/* End PBXGroup section */

/* Begin PBXNativeTarget section */
		74977BA725B935A4005B76A1 /* SystemViews */ = {
			isa = PBXNativeTarget;
			buildConfigurationList = 74977BBC25B935A5005B76A1 /* Build configuration list for PBXNativeTarget "SystemViews" */;
			buildPhases = (
				74977BA425B935A4005B76A1 /* Sources */,
				74977BA525B935A4005B76A1 /* Frameworks */,
				74977BA625B935A4005B76A1 /* Resources */,
			);
			buildRules = (
			);
			dependencies = (
			);
			name = SystemViews;
			productName = SystemViews;
			productReference = 74977BA825B935A4005B76A1 /* SystemViews.app */;
			productType = "com.apple.product-type.application";
		};
/* End PBXNativeTarget section */

/* Begin PBXProject section */
		74977BA025B935A4005B76A1 /* Project object */ = {
			isa = PBXProject;
			attributes = {
				LastSwiftUpdateCheck = 1230;
				LastUpgradeCheck = 1230;
				TargetAttributes = {
					74977BA725B935A4005B76A1 = {
						CreatedOnToolsVersion = 12.3;
					};
				};
			};
			buildConfigurationList = 74977BA325B935A4005B76A1 /* Build configuration list for PBXProject "SystemViews" */;
			compatibilityVersion = "Xcode 9.3";
			developmentRegion = en;
			hasScannedForEncodings = 0;
			knownRegions = (
				en,
				Base,
			);
			mainGroup = 74977B9F25B935A4005B76A1;
			productRefGroup = 74977BA925B935A4005B76A1 /* Products */;
			projectDirPath = "";
			projectRoot = "";
			targets = (
				74977BA725B935A4005B76A1 /* SystemViews */,
			);
		};
/* End PBXProject section */

/* Begin PBXResourcesBuildPhase section */
		74977BA625B935A4005B76A1 /* Resources */ = {
			isa = PBXResourcesBuildPhase;
			buildActionMask = 2147483647;
			files = (
				74977BB825B935A5005B76A1 /* LaunchScreen.storyboard in Resources */,
				74977BB525B935A5005B76A1 /* Preview Assets.xcassets in Resources */,
				74977BB225B935A5005B76A1 /* Assets.xcassets in Resources */,
			);
			runOnlyForDeploymentPostprocessing = 0;
		};
/* End PBXResourcesBuildPhase section */

/* Begin PBXSourcesBuildPhase section */
		74977BA425B935A4005B76A1 /* Sources */ = {
			isa = PBXSourcesBuildPhase;
			buildActionMask = 2147483647;
			files = (
				74977BC225B93609005B76A1 /* SpacerView.swift in Sources */,
				74977BAC25B935A4005B76A1 /* AppDelegate.swift in Sources */,
				742A20F925DF889000A18610 /* FormView.swift in Sources */,
				742A20F025DF4A5600A18610 /* GroupView.swift in Sources */,
				74977C0725BFB042005B76A1 /* ButtonView.swift in Sources */,
				74F0C4A725C80F6D008DA029 /* AlertView.swift in Sources */,
				74977BAE25B935A4005B76A1 /* SceneDelegate.swift in Sources */,
				74F0C47A25C2991F008DA029 /* DatePickerStyleView.swift in Sources */,
				74F0C47625C297C1008DA029 /* DatePickerView.swift in Sources */,
				74977C0C25BFDD79005B76A1 /* ToggleView.swift in Sources */,
				74F0C47E25C2A0C6008DA029 /* StepperView.swift in Sources */,
				74977BB025B935A4005B76A1 /* ContentView.swift in Sources */,
				742A20EB25DE28A500A18610 /* ActionSheetView.swift in Sources */,
				74F0C4A225C80B1D008DA029 /* SliderView.swift in Sources */,
			);
			runOnlyForDeploymentPostprocessing = 0;
		};
/* End PBXSourcesBuildPhase section */

/* Begin PBXVariantGroup section */
		74977BB625B935A5005B76A1 /* LaunchScreen.storyboard */ = {
			isa = PBXVariantGroup;
			children = (
				74977BB725B935A5005B76A1 /* Base */,
			);
			name = LaunchScreen.storyboard;
			sourceTree = "<group>";
		};
/* End PBXVariantGroup section */

/* Begin XCBuildConfiguration section */
		74977BBA25B935A5005B76A1 /* Debug */ = {
			isa = XCBuildConfiguration;
			buildSettings = {
				ALWAYS_SEARCH_USER_PATHS = NO;
				CLANG_ANALYZER_NONNULL = YES;
				CLANG_ANALYZER_NUMBER_OBJECT_CONVERSION = YES_AGGRESSIVE;
				CLANG_CXX_LANGUAGE_STANDARD = "gnu++14";
				CLANG_CXX_LIBRARY = "libc++";
				CLANG_ENABLE_MODULES = YES;
				CLANG_ENABLE_OBJC_ARC = YES;
				CLANG_ENABLE_OBJC_WEAK = YES;
				CLANG_WARN_BLOCK_CAPTURE_AUTORELEASING = YES;
				CLANG_WARN_BOOL_CONVERSION = YES;
				CLANG_WARN_COMMA = YES;
				CLANG_WARN_CONSTANT_CONVERSION = YES;
				CLANG_WARN_DEPRECATED_OBJC_IMPLEMENTATIONS = YES;
				CLANG_WARN_DIRECT_OBJC_ISA_USAGE = YES_ERROR;
				CLANG_WARN_DOCUMENTATION_COMMENTS = YES;
				CLANG_WARN_EMPTY_BODY = YES;
				CLANG_WARN_ENUM_CONVERSION = YES;
				CLANG_WARN_INFINITE_RECURSION = YES;
				CLANG_WARN_INT_CONVERSION = YES;
				CLANG_WARN_NON_LITERAL_NULL_CONVERSION = YES;
				CLANG_WARN_OBJC_IMPLICIT_RETAIN_SELF = YES;
				CLANG_WARN_OBJC_LITERAL_CONVERSION = YES;
				CLANG_WARN_OBJC_ROOT_CLASS = YES_ERROR;
				CLANG_WARN_QUOTED_INCLUDE_IN_FRAMEWORK_HEADER = YES;
				CLANG_WARN_RANGE_LOOP_ANALYSIS = YES;
				CLANG_WARN_STRICT_PROTOTYPES = YES;
				CLANG_WARN_SUSPICIOUS_MOVE = YES;
				CLANG_WARN_UNGUARDED_AVAILABILITY = YES_AGGRESSIVE;
				CLANG_WARN_UNREACHABLE_CODE = YES;
				CLANG_WARN__DUPLICATE_METHOD_MATCH = YES;
				COPY_PHASE_STRIP = NO;
				DEBUG_INFORMATION_FORMAT = dwarf;
				ENABLE_STRICT_OBJC_MSGSEND = YES;
				ENABLE_TESTABILITY = YES;
				GCC_C_LANGUAGE_STANDARD = gnu11;
				GCC_DYNAMIC_NO_PIC = NO;
				GCC_NO_COMMON_BLOCKS = YES;
				GCC_OPTIMIZATION_LEVEL = 0;
				GCC_PREPROCESSOR_DEFINITIONS = (
					"DEBUG=1",
					"$(inherited)",
				);
				GCC_WARN_64_TO_32_BIT_CONVERSION = YES;
				GCC_WARN_ABOUT_RETURN_TYPE = YES_ERROR;
				GCC_WARN_UNDECLARED_SELECTOR = YES;
				GCC_WARN_UNINITIALIZED_AUTOS = YES_AGGRESSIVE;
				GCC_WARN_UNUSED_FUNCTION = YES;
				GCC_WARN_UNUSED_VARIABLE = YES;
				IPHONEOS_DEPLOYMENT_TARGET = 14.3;
				MTL_ENABLE_DEBUG_INFO = INCLUDE_SOURCE;
				MTL_FAST_MATH = YES;
				ONLY_ACTIVE_ARCH = YES;
				SDKROOT = iphoneos;
				SWIFT_ACTIVE_COMPILATION_CONDITIONS = DEBUG;
				SWIFT_OPTIMIZATION_LEVEL = "-Onone";
			};
			name = Debug;
		};
		74977BBB25B935A5005B76A1 /* Release */ = {
			isa = XCBuildConfiguration;
			buildSettings = {
				ALWAYS_SEARCH_USER_PATHS = NO;
				CLANG_ANALYZER_NONNULL = YES;
				CLANG_ANALYZER_NUMBER_OBJECT_CONVERSION = YES_AGGRESSIVE;
				CLANG_CXX_LANGUAGE_STANDARD = "gnu++14";
				CLANG_CXX_LIBRARY = "libc++";
				CLANG_ENABLE_MODULES = YES;
				CLANG_ENABLE_OBJC_ARC = YES;
				CLANG_ENABLE_OBJC_WEAK = YES;
				CLANG_WARN_BLOCK_CAPTURE_AUTORELEASING = YES;
				CLANG_WARN_BOOL_CONVERSION = YES;
				CLANG_WARN_COMMA = YES;
				CLANG_WARN_CONSTANT_CONVERSION = YES;
				CLANG_WARN_DEPRECATED_OBJC_IMPLEMENTATIONS = YES;
				CLANG_WARN_DIRECT_OBJC_ISA_USAGE = YES_ERROR;
				CLANG_WARN_DOCUMENTATION_COMMENTS = YES;
				CLANG_WARN_EMPTY_BODY = YES;
				CLANG_WARN_ENUM_CONVERSION = YES;
				CLANG_WARN_INFINITE_RECURSION = YES;
				CLANG_WARN_INT_CONVERSION = YES;
				CLANG_WARN_NON_LITERAL_NULL_CONVERSION = YES;
				CLANG_WARN_OBJC_IMPLICIT_RETAIN_SELF = YES;
				CLANG_WARN_OBJC_LITERAL_CONVERSION = YES;
				CLANG_WARN_OBJC_ROOT_CLASS = YES_ERROR;
				CLANG_WARN_QUOTED_INCLUDE_IN_FRAMEWORK_HEADER = YES;
				CLANG_WARN_RANGE_LOOP_ANALYSIS = YES;
				CLANG_WARN_STRICT_PROTOTYPES = YES;
				CLANG_WARN_SUSPICIOUS_MOVE = YES;
				CLANG_WARN_UNGUARDED_AVAILABILITY = YES_AGGRESSIVE;
				CLANG_WARN_UNREACHABLE_CODE = YES;
				CLANG_WARN__DUPLICATE_METHOD_MATCH = YES;
				COPY_PHASE_STRIP = NO;
				DEBUG_INFORMATION_FORMAT = "dwarf-with-dsym";
				ENABLE_NS_ASSERTIONS = NO;
				ENABLE_STRICT_OBJC_MSGSEND = YES;
				GCC_C_LANGUAGE_STANDARD = gnu11;
				GCC_NO_COMMON_BLOCKS = YES;
				GCC_WARN_64_TO_32_BIT_CONVERSION = YES;
				GCC_WARN_ABOUT_RETURN_TYPE = YES_ERROR;
				GCC_WARN_UNDECLARED_SELECTOR = YES;
				GCC_WARN_UNINITIALIZED_AUTOS = YES_AGGRESSIVE;
				GCC_WARN_UNUSED_FUNCTION = YES;
				GCC_WARN_UNUSED_VARIABLE = YES;
				IPHONEOS_DEPLOYMENT_TARGET = 14.3;
				MTL_ENABLE_DEBUG_INFO = NO;
				MTL_FAST_MATH = YES;
				SDKROOT = iphoneos;
				SWIFT_COMPILATION_MODE = wholemodule;
				SWIFT_OPTIMIZATION_LEVEL = "-O";
				VALIDATE_PRODUCT = YES;
			};
			name = Release;
		};
		74977BBD25B935A5005B76A1 /* Debug */ = {
			isa = XCBuildConfiguration;
			buildSettings = {
				ASSETCATALOG_COMPILER_APPICON_NAME = AppIcon;
				ASSETCATALOG_COMPILER_GLOBAL_ACCENT_COLOR_NAME = AccentColor;
				CODE_SIGN_STYLE = Automatic;
				DEVELOPMENT_ASSET_PATHS = "\"SystemViews/Preview Content\"";
				DEVELOPMENT_TEAM = AL9L4NE9HL;
				ENABLE_PREVIEWS = YES;
				INFOPLIST_FILE = SystemViews/Info.plist;
				LD_RUNPATH_SEARCH_PATHS = (
					"$(inherited)",
					"@executable_path/Frameworks",
				);
				PRODUCT_BUNDLE_IDENTIFIER = com.jinsu.SystemViews;
				PRODUCT_NAME = "$(TARGET_NAME)";
				SWIFT_VERSION = 5.0;
				TARGETED_DEVICE_FAMILY = "1,2";
			};
			name = Debug;
		};
		74977BBE25B935A5005B76A1 /* Release */ = {
			isa = XCBuildConfiguration;
			buildSettings = {
				ASSETCATALOG_COMPILER_APPICON_NAME = AppIcon;
				ASSETCATALOG_COMPILER_GLOBAL_ACCENT_COLOR_NAME = AccentColor;
				CODE_SIGN_STYLE = Automatic;
				DEVELOPMENT_ASSET_PATHS = "\"SystemViews/Preview Content\"";
				DEVELOPMENT_TEAM = AL9L4NE9HL;
				ENABLE_PREVIEWS = YES;
				INFOPLIST_FILE = SystemViews/Info.plist;
				LD_RUNPATH_SEARCH_PATHS = (
					"$(inherited)",
					"@executable_path/Frameworks",
				);
				PRODUCT_BUNDLE_IDENTIFIER = com.jinsu.SystemViews;
				PRODUCT_NAME = "$(TARGET_NAME)";
				SWIFT_VERSION = 5.0;
				TARGETED_DEVICE_FAMILY = "1,2";
			};
			name = Release;
		};
/* End XCBuildConfiguration section */

/* Begin XCConfigurationList section */
		74977BA325B935A4005B76A1 /* Build configuration list for PBXProject "SystemViews" */ = {
			isa = XCConfigurationList;
			buildConfigurations = (
				74977BBA25B935A5005B76A1 /* Debug */,
				74977BBB25B935A5005B76A1 /* Release */,
			);
			defaultConfigurationIsVisible = 0;
			defaultConfigurationName = Release;
		};
		74977BBC25B935A5005B76A1 /* Build configuration list for PBXNativeTarget "SystemViews" */ = {
			isa = XCConfigurationList;
			buildConfigurations = (
				74977BBD25B935A5005B76A1 /* Debug */,
				74977BBE25B935A5005B76A1 /* Release */,
			);
			defaultConfigurationIsVisible = 0;
			defaultConfigurationName = Release;
		};
/* End XCConfigurationList section */
	};
	rootObject = 74977BA025B935A4005B76A1 /* Project object */;
}
